
Microsoft Visual Studio Solution File, Format Version 12.00
# Visual Studio Version 16
VisualStudioVersion = 16.0.31019.35
MinimumVisualStudioVersion = 10.0.40219.1
Project("{FAE04EC0-301F-11D3-BF4B-00C04F79EFBC}") = "BetGame", "BetGame\BetGame.csproj", "{98443152-396B-4B3F-BD0B-09BD15225CF2}"
EndProject
Project("{FAE04EC0-301F-11D3-BF4B-00C04F79EFBC}") = "Testing", "Testing\Testing.csproj", "{DCBC4529-2E1F-4549-89AB-425EB755DCC9}"
EndProject
Global
	GlobalSection(SolutionConfigurationPlatforms) = preSolution
		Debug|Any CPU = Debug|Any CPU
		Release|Any CPU = Release|Any CPU
	EndGlobalSection
	GlobalSection(ProjectConfigurationPlatforms) = postSolution
		{98443152-396B-4B3F-BD0B-09BD15225CF2}.Debug|Any CPU.ActiveCfg = Debug|Any CPU
		{98443152-396B-4B3F-BD0B-09BD15225CF2}.Debug|Any CPU.Build.0 = Debug|Any CPU
		{98443152-396B-4B3F-BD0B-09BD15225CF2}.Release|Any CPU.ActiveCfg = Release|Any CPU
		{98443152-396B-4B3F-BD0B-09BD15225CF2}.Release|Any CPU.Build.0 = Release|Any CPU
		{DCBC4529-2E1F-4549-89AB-425EB755DCC9}.Debug|Any CPU.ActiveCfg = Debug|Any CPU
		{DCBC4529-2E1F-4549-89AB-425EB755DCC9}.Debug|Any CPU.Build.0 = Debug|Any CPU
		{DCBC4529-2E1F-4549-89AB-425EB755DCC9}.Release|Any CPU.ActiveCfg = Release|Any CPU
		{DCBC4529-2E1F-4549-89AB-425EB755DCC9}.Release|Any CPU.Build.0 = Release|Any CPU
	EndGlobalSection
	GlobalSection(SolutionProperties) = preSolution
		HideSolutionNode = FALSE
	EndGlobalSection
	GlobalSection(ExtensibilityGlobals) = postSolution
		SolutionGuid = {6FC55D7B-FF5D-47E8-8719-18B022F8BE4F}
	EndGlobalSection
EndGlobal
